
Microsoft Visual Studio Solution File, Format Version 12.00
# Visual Studio Version 16
VisualStudioVersion = 16.0.28721.148
MinimumVisualStudioVersion = 10.0.40219.1
Project("{FAE04EC0-301F-11D3-BF4B-00C04F79EFBC}") = "UzduotisTest", "UzduotisTest\UzduotisTest.csproj", "{3AA966FA-0E8D-4F6C-9E29-7FB1417F8532}"
EndProject
Global
	GlobalSection(SolutionConfigurationPlatforms) = preSolution
		Debug|Any CPU = Debug|Any CPU
		Release|Any CPU = Release|Any CPU
	EndGlobalSection
	GlobalSection(ProjectConfigurationPlatforms) = postSolution
		{3AA966FA-0E8D-4F6C-9E29-7FB1417F8532}.Debug|Any CPU.ActiveCfg = Debug|Any CPU
		{3AA966FA-0E8D-4F6C-9E29-7FB1417F8532}.Debug|Any CPU.Build.0 = Debug|Any CPU
		{3AA966FA-0E8D-4F6C-9E29-7FB1417F8532}.Release|Any CPU.ActiveCfg = Release|Any CPU
		{3AA966FA-0E8D-4F6C-9E29-7FB1417F8532}.Release|Any CPU.Build.0 = Release|Any CPU
	EndGlobalSection
	GlobalSection(SolutionProperties) = preSolution
		HideSolutionNode = FALSE
	EndGlobalSection
	GlobalSection(ExtensibilityGlobals) = postSolution
		SolutionGuid = {2B170569-D47F-48A7-B2F5-929721F5CEE2}
	EndGlobalSection
EndGlobal
